
Microsoft Visual Studio Solution File, Format Version 11.00
# Visual Studio 2010
Project("{FAE04EC0-301F-11D3-BF4B-00C04F79EFBC}") = "SebastianWebService.Tests", "SebastianWebService.Tests\SebastianWebService.Tests.csproj", "{4EC93A9C-833A-4334-87CB-444A45F14FE4}"
EndProject
Project("{FAE04EC0-301F-11D3-BF4B-00C04F79EFBC}") = "SebastianFrontEnd", "SebastianFrontEnd\SebastianFrontEnd.csproj", "{F24F282A-60EE-4911-AC5A-FC8CA6FD6624}"
	ProjectSection(ProjectDependencies) = postProject
		{9C77C22A-EEA6-4F8D-9574-DB72F4157FA7} = {9C77C22A-EEA6-4F8D-9574-DB72F4157FA7}
	EndProjectSection
EndProject
Project("{FAE04EC0-301F-11D3-BF4B-00C04F79EFBC}") = "SebastianWebService", "SebastianWebService\SebastianWebService.csproj", "{9C77C22A-EEA6-4F8D-9574-DB72F4157FA7}"
EndProject
Global
	GlobalSection(SubversionScc) = preSolution
		Svn-Managed = True
		Manager = AnkhSVN - Subversion Support for Visual Studio
	EndGlobalSection
	GlobalSection(SolutionConfigurationPlatforms) = preSolution
		Debug|Any CPU = Debug|Any CPU
		Debug|Mixed Platforms = Debug|Mixed Platforms
		Debug|x86 = Debug|x86
		Release|Any CPU = Release|Any CPU
		Release|Mixed Platforms = Release|Mixed Platforms
		Release|x86 = Release|x86
	EndGlobalSection
	GlobalSection(ProjectConfigurationPlatforms) = postSolution
		{4EC93A9C-833A-4334-87CB-444A45F14FE4}.Debug|Any CPU.ActiveCfg = Debug|Any CPU
		{4EC93A9C-833A-4334-87CB-444A45F14FE4}.Debug|Any CPU.Build.0 = Debug|Any CPU
		{4EC93A9C-833A-4334-87CB-444A45F14FE4}.Debug|Mixed Platforms.ActiveCfg = Debug|Any CPU
		{4EC93A9C-833A-4334-87CB-444A45F14FE4}.Debug|Mixed Platforms.Build.0 = Debug|Any CPU
		{4EC93A9C-833A-4334-87CB-444A45F14FE4}.Debug|x86.ActiveCfg = Debug|Any CPU
		{4EC93A9C-833A-4334-87CB-444A45F14FE4}.Release|Any CPU.ActiveCfg = Release|Any CPU
		{4EC93A9C-833A-4334-87CB-444A45F14FE4}.Release|Any CPU.Build.0 = Release|Any CPU
		{4EC93A9C-833A-4334-87CB-444A45F14FE4}.Release|Mixed Platforms.ActiveCfg = Release|Any CPU
		{4EC93A9C-833A-4334-87CB-444A45F14FE4}.Release|Mixed Platforms.Build.0 = Release|Any CPU
		{4EC93A9C-833A-4334-87CB-444A45F14FE4}.Release|x86.ActiveCfg = Release|Any CPU
		{F24F282A-60EE-4911-AC5A-FC8CA6FD6624}.Debug|Any CPU.ActiveCfg = Debug|x86
		{F24F282A-60EE-4911-AC5A-FC8CA6FD6624}.Debug|Mixed Platforms.ActiveCfg = Debug|x86
		{F24F282A-60EE-4911-AC5A-FC8CA6FD6624}.Debug|Mixed Platforms.Build.0 = Debug|x86
		{F24F282A-60EE-4911-AC5A-FC8CA6FD6624}.Debug|x86.ActiveCfg = Debug|x86
		{F24F282A-60EE-4911-AC5A-FC8CA6FD6624}.Debug|x86.Build.0 = Debug|x86
		{F24F282A-60EE-4911-AC5A-FC8CA6FD6624}.Release|Any CPU.ActiveCfg = Release|x86
		{F24F282A-60EE-4911-AC5A-FC8CA6FD6624}.Release|Mixed Platforms.ActiveCfg = Release|x86
		{F24F282A-60EE-4911-AC5A-FC8CA6FD6624}.Release|Mixed Platforms.Build.0 = Release|x86
		{F24F282A-60EE-4911-AC5A-FC8CA6FD6624}.Release|x86.ActiveCfg = Release|x86
		{F24F282A-60EE-4911-AC5A-FC8CA6FD6624}.Release|x86.Build.0 = Release|x86
		{9C77C22A-EEA6-4F8D-9574-DB72F4157FA7}.Debug|Any CPU.ActiveCfg = Debug|Any CPU
		{9C77C22A-EEA6-4F8D-9574-DB72F4157FA7}.Debug|Any CPU.Build.0 = Debug|Any CPU
		{9C77C22A-EEA6-4F8D-9574-DB72F4157FA7}.Debug|Mixed Platforms.ActiveCfg = Debug|Any CPU
		{9C77C22A-EEA6-4F8D-9574-DB72F4157FA7}.Debug|Mixed Platforms.Build.0 = Debug|Any CPU
		{9C77C22A-EEA6-4F8D-9574-DB72F4157FA7}.Debug|x86.ActiveCfg = Debug|Any CPU
		{9C77C22A-EEA6-4F8D-9574-DB72F4157FA7}.Release|Any CPU.ActiveCfg = Release|Any CPU
		{9C77C22A-EEA6-4F8D-9574-DB72F4157FA7}.Release|Any CPU.Build.0 = Release|Any CPU
		{9C77C22A-EEA6-4F8D-9574-DB72F4157FA7}.Release|Mixed Platforms.ActiveCfg = Release|Any CPU
		{9C77C22A-EEA6-4F8D-9574-DB72F4157FA7}.Release|Mixed Platforms.Build.0 = Release|Any CPU
		{9C77C22A-EEA6-4F8D-9574-DB72F4157FA7}.Release|x86.ActiveCfg = Release|Any CPU
	EndGlobalSection
	GlobalSection(SolutionProperties) = preSolution
		HideSolutionNode = FALSE
	EndGlobalSection
EndGlobal
